
Microsoft Visual Studio Solution File, Format Version 12.00
# Visual Studio Version 16
VisualStudioVersion = 16.0.31205.134
MinimumVisualStudioVersion = 10.0.40219.1
Project("{FAE04EC0-301F-11D3-BF4B-00C04F79EFBC}") = "HalloDatenbank", "HalloDatenbank\HalloDatenbank.csproj", "{194AD538-AF23-40A8-BD86-4D1638835624}"
EndProject
Global
	GlobalSection(SolutionConfigurationPlatforms) = preSolution
		Debug|Any CPU = Debug|Any CPU
		Release|Any CPU = Release|Any CPU
	EndGlobalSection
	GlobalSection(ProjectConfigurationPlatforms) = postSolution
		{194AD538-AF23-40A8-BD86-4D1638835624}.Debug|Any CPU.ActiveCfg = Debug|Any CPU
		{194AD538-AF23-40A8-BD86-4D1638835624}.Debug|Any CPU.Build.0 = Debug|Any CPU
		{194AD538-AF23-40A8-BD86-4D1638835624}.Release|Any CPU.ActiveCfg = Release|Any CPU
		{194AD538-AF23-40A8-BD86-4D1638835624}.Release|Any CPU.Build.0 = Release|Any CPU
	EndGlobalSection
	GlobalSection(SolutionProperties) = preSolution
		HideSolutionNode = FALSE
	EndGlobalSection
	GlobalSection(ExtensibilityGlobals) = postSolution
		SolutionGuid = {8DE4CC83-8800-406E-8CCA-9BC1F5181DF3}
	EndGlobalSection
EndGlobal
